
Microsoft Visual Studio Solution File, Format Version 12.00
# Visual Studio Version 17
VisualStudioVersion = 17.9.34701.34
MinimumVisualStudioVersion = 10.0.40219.1
Project("{9A19103F-16F7-4668-BE54-9A1E7A4F7556}") = "Relax", "Relax\Relax.csproj", "{B8670BB2-91EF-4252-82C5-13032B0D81D5}"
EndProject
Project("{FAE04EC0-301F-11D3-BF4B-00C04F79EFBC}") = "RelaxService", "RelaxService\RelaxService.csproj", "{2F5A7056-5896-4D16-B7D4-77AE0CC5388D}"
EndProject
Global
	GlobalSection(SolutionConfigurationPlatforms) = preSolution
		Debug|Any CPU = Debug|Any CPU
		Release|Any CPU = Release|Any CPU
	EndGlobalSection
	GlobalSection(ProjectConfigurationPlatforms) = postSolution
		{B8670BB2-91EF-4252-82C5-13032B0D81D5}.Debug|Any CPU.ActiveCfg = Debug|Any CPU
		{B8670BB2-91EF-4252-82C5-13032B0D81D5}.Debug|Any CPU.Build.0 = Debug|Any CPU
		{B8670BB2-91EF-4252-82C5-13032B0D81D5}.Release|Any CPU.ActiveCfg = Release|Any CPU
		{B8670BB2-91EF-4252-82C5-13032B0D81D5}.Release|Any CPU.Build.0 = Release|Any CPU
		{2F5A7056-5896-4D16-B7D4-77AE0CC5388D}.Debug|Any CPU.ActiveCfg = Debug|Any CPU
		{2F5A7056-5896-4D16-B7D4-77AE0CC5388D}.Debug|Any CPU.Build.0 = Debug|Any CPU
		{2F5A7056-5896-4D16-B7D4-77AE0CC5388D}.Release|Any CPU.ActiveCfg = Release|Any CPU
		{2F5A7056-5896-4D16-B7D4-77AE0CC5388D}.Release|Any CPU.Build.0 = Release|Any CPU
	EndGlobalSection
	GlobalSection(SolutionProperties) = preSolution
		HideSolutionNode = FALSE
	EndGlobalSection
	GlobalSection(ExtensibilityGlobals) = postSolution
		SolutionGuid = {67200E13-68AA-4EBD-9487-26CF10C7339D}
	EndGlobalSection
EndGlobal
